
Microsoft Visual Studio Solution File, Format Version 12.00
# Visual Studio 15
VisualStudioVersion = 15.0.28010.2003
MinimumVisualStudioVersion = 10.0.40219.1
Project("{FAE04EC0-301F-11D3-BF4B-00C04F79EFBC}") = "MazeSolver", "MazeSolver\MazeSolver.csproj", "{9FF487B5-6E7B-49F7-B105-44FDF9AA3A64}"
EndProject
Global
	GlobalSection(SolutionConfigurationPlatforms) = preSolution
		Debug|Any CPU = Debug|Any CPU
		Release|Any CPU = Release|Any CPU
	EndGlobalSection
	GlobalSection(ProjectConfigurationPlatforms) = postSolution
		{9FF487B5-6E7B-49F7-B105-44FDF9AA3A64}.Debug|Any CPU.ActiveCfg = Debug|Any CPU
		{9FF487B5-6E7B-49F7-B105-44FDF9AA3A64}.Debug|Any CPU.Build.0 = Debug|Any CPU
		{9FF487B5-6E7B-49F7-B105-44FDF9AA3A64}.Release|Any CPU.ActiveCfg = Release|Any CPU
		{9FF487B5-6E7B-49F7-B105-44FDF9AA3A64}.Release|Any CPU.Build.0 = Release|Any CPU
	EndGlobalSection
	GlobalSection(SolutionProperties) = preSolution
		HideSolutionNode = FALSE
	EndGlobalSection
	GlobalSection(ExtensibilityGlobals) = postSolution
		SolutionGuid = {B1BF4A38-2A94-4060-B307-135DA6E8248C}
	EndGlobalSection
EndGlobal
